
Microsoft Visual Studio Solution File, Format Version 12.00
# Visual Studio 15
VisualStudioVersion = 15.0.28307.705
MinimumVisualStudioVersion = 10.0.40219.1
Project("{8BC9CEB8-8B4A-11D0-8D11-00A0C91BC942}") = "mfcBasic", "mfcBasic\mfcBasic.vcxproj", "{D715DF08-5DD3-40FE-9156-5340E1A6C736}"
EndProject
Global
	GlobalSection(SolutionConfigurationPlatforms) = preSolution
		Debug|x64 = Debug|x64
		Debug|x86 = Debug|x86
		Release|x64 = Release|x64
		Release|x86 = Release|x86
	EndGlobalSection
	GlobalSection(ProjectConfigurationPlatforms) = postSolution
		{D715DF08-5DD3-40FE-9156-5340E1A6C736}.Debug|x64.ActiveCfg = Debug|x64
		{D715DF08-5DD3-40FE-9156-5340E1A6C736}.Debug|x64.Build.0 = Debug|x64
		{D715DF08-5DD3-40FE-9156-5340E1A6C736}.Debug|x86.ActiveCfg = Debug|Win32
		{D715DF08-5DD3-40FE-9156-5340E1A6C736}.Debug|x86.Build.0 = Debug|Win32
		{D715DF08-5DD3-40FE-9156-5340E1A6C736}.Release|x64.ActiveCfg = Release|x64
		{D715DF08-5DD3-40FE-9156-5340E1A6C736}.Release|x64.Build.0 = Release|x64
		{D715DF08-5DD3-40FE-9156-5340E1A6C736}.Release|x86.ActiveCfg = Release|Win32
		{D715DF08-5DD3-40FE-9156-5340E1A6C736}.Release|x86.Build.0 = Release|Win32
	EndGlobalSection
	GlobalSection(SolutionProperties) = preSolution
		HideSolutionNode = FALSE
	EndGlobalSection
	GlobalSection(ExtensibilityGlobals) = postSolution
		SolutionGuid = {9FDD7076-B95D-488A-A06D-6913B5D58F89}
	EndGlobalSection
EndGlobal
